
Microsoft Visual Studio Solution File, Format Version 12.00
# Visual Studio Version 17
VisualStudioVersion = 17.5.2.0
MinimumVisualStudioVersion = 10.0.40219.1
Project("{FAE04EC0-301F-11D3-BF4B-00C04F79EFBC}") = "FormFeeder.Api", "FormFeeder.Api\FormFeeder.Api.csproj", "{097D7810-650B-D3E3-198F-BE5E3286E6C8}"
EndProject
Project("{FAE04EC0-301F-11D3-BF4B-00C04F79EFBC}") = "FormFeeder.Api.Tests", "FormFeeder.Api.Tests\FormFeeder.Api.Tests.csproj", "{00EB9D45-2454-43DF-BC53-A02161928447}"
EndProject
Global
	GlobalSection(SolutionConfigurationPlatforms) = preSolution
		Debug|Any CPU = Debug|Any CPU
		Debug|x64 = Debug|x64
		Debug|x86 = Debug|x86
		Release|Any CPU = Release|Any CPU
		Release|x64 = Release|x64
		Release|x86 = Release|x86
	EndGlobalSection
	GlobalSection(ProjectConfigurationPlatforms) = postSolution
		{097D7810-650B-D3E3-198F-BE5E3286E6C8}.Debug|Any CPU.ActiveCfg = Debug|Any CPU
		{097D7810-650B-D3E3-198F-BE5E3286E6C8}.Debug|Any CPU.Build.0 = Debug|Any CPU
		{097D7810-650B-D3E3-198F-BE5E3286E6C8}.Debug|x64.ActiveCfg = Debug|Any CPU
		{097D7810-650B-D3E3-198F-BE5E3286E6C8}.Debug|x64.Build.0 = Debug|Any CPU
		{097D7810-650B-D3E3-198F-BE5E3286E6C8}.Debug|x86.ActiveCfg = Debug|Any CPU
		{097D7810-650B-D3E3-198F-BE5E3286E6C8}.Debug|x86.Build.0 = Debug|Any CPU
		{097D7810-650B-D3E3-198F-BE5E3286E6C8}.Release|Any CPU.ActiveCfg = Release|Any CPU
		{097D7810-650B-D3E3-198F-BE5E3286E6C8}.Release|Any CPU.Build.0 = Release|Any CPU
		{097D7810-650B-D3E3-198F-BE5E3286E6C8}.Release|x64.ActiveCfg = Release|Any CPU
		{097D7810-650B-D3E3-198F-BE5E3286E6C8}.Release|x64.Build.0 = Release|Any CPU
		{097D7810-650B-D3E3-198F-BE5E3286E6C8}.Release|x86.ActiveCfg = Release|Any CPU
		{097D7810-650B-D3E3-198F-BE5E3286E6C8}.Release|x86.Build.0 = Release|Any CPU
		{00EB9D45-2454-43DF-BC53-A02161928447}.Debug|Any CPU.ActiveCfg = Debug|Any CPU
		{00EB9D45-2454-43DF-BC53-A02161928447}.Debug|Any CPU.Build.0 = Debug|Any CPU
		{00EB9D45-2454-43DF-BC53-A02161928447}.Debug|x64.ActiveCfg = Debug|Any CPU
		{00EB9D45-2454-43DF-BC53-A02161928447}.Debug|x64.Build.0 = Debug|Any CPU
		{00EB9D45-2454-43DF-BC53-A02161928447}.Debug|x86.ActiveCfg = Debug|Any CPU
		{00EB9D45-2454-43DF-BC53-A02161928447}.Debug|x86.Build.0 = Debug|Any CPU
		{00EB9D45-2454-43DF-BC53-A02161928447}.Release|Any CPU.ActiveCfg = Release|Any CPU
		{00EB9D45-2454-43DF-BC53-A02161928447}.Release|Any CPU.Build.0 = Release|Any CPU
		{00EB9D45-2454-43DF-BC53-A02161928447}.Release|x64.ActiveCfg = Release|Any CPU
		{00EB9D45-2454-43DF-BC53-A02161928447}.Release|x64.Build.0 = Release|Any CPU
		{00EB9D45-2454-43DF-BC53-A02161928447}.Release|x86.ActiveCfg = Release|Any CPU
		{00EB9D45-2454-43DF-BC53-A02161928447}.Release|x86.Build.0 = Release|Any CPU
		{8B3C2F95-E0DF-4C3A-A2B7-6E4F1D9A5B8C}.Debug|Any CPU.ActiveCfg = Debug|Any CPU
		{8B3C2F95-E0DF-4C3A-A2B7-6E4F1D9A5B8C}.Debug|Any CPU.Build.0 = Debug|Any CPU
		{8B3C2F95-E0DF-4C3A-A2B7-6E4F1D9A5B8C}.Debug|x64.ActiveCfg = Debug|Any CPU
		{8B3C2F95-E0DF-4C3A-A2B7-6E4F1D9A5B8C}.Debug|x64.Build.0 = Debug|Any CPU
		{8B3C2F95-E0DF-4C3A-A2B7-6E4F1D9A5B8C}.Debug|x86.ActiveCfg = Debug|Any CPU
		{8B3C2F95-E0DF-4C3A-A2B7-6E4F1D9A5B8C}.Debug|x86.Build.0 = Debug|Any CPU
		{8B3C2F95-E0DF-4C3A-A2B7-6E4F1D9A5B8C}.Release|Any CPU.ActiveCfg = Release|Any CPU
		{8B3C2F95-E0DF-4C3A-A2B7-6E4F1D9A5B8C}.Release|Any CPU.Build.0 = Release|Any CPU
		{8B3C2F95-E0DF-4C3A-A2B7-6E4F1D9A5B8C}.Release|x64.ActiveCfg = Release|Any CPU
		{8B3C2F95-E0DF-4C3A-A2B7-6E4F1D9A5B8C}.Release|x64.Build.0 = Release|Any CPU
		{8B3C2F95-E0DF-4C3A-A2B7-6E4F1D9A5B8C}.Release|x86.ActiveCfg = Release|Any CPU
		{8B3C2F95-E0DF-4C3A-A2B7-6E4F1D9A5B8C}.Release|x86.Build.0 = Release|Any CPU
	EndGlobalSection
	GlobalSection(SolutionProperties) = preSolution
		HideSolutionNode = FALSE
	EndGlobalSection
	GlobalSection(ExtensibilityGlobals) = postSolution
		SolutionGuid = {74C8867E-3FEE-4CA2-8A01-D066EA8852DB}
	EndGlobalSection
EndGlobal
